
Microsoft Visual Studio Solution File, Format Version 12.00
# Visual Studio 14
VisualStudioVersion = 14.0.25420.1
MinimumVisualStudioVersion = 10.0.40219.1
Project("{FAE04EC0-301F-11D3-BF4B-00C04F79EFBC}") = "Job", "Job\Job.csproj", "{32957920-DD97-489A-A715-0A023599AD58}"
EndProject
Project("{FAE04EC0-301F-11D3-BF4B-00C04F79EFBC}") = "Job.Core", "Job.Core\Job.Core.csproj", "{AF1A5109-81F1-485E-8A1E-550A48FAB303}"
EndProject
Project("{FAE04EC0-301F-11D3-BF4B-00C04F79EFBC}") = "Job.Application", "Job.Application\Job.Application.csproj", "{EC7612B2-6566-419D-9279-FEBE9FDEBE81}"
EndProject
Project("{FAE04EC0-301F-11D3-BF4B-00C04F79EFBC}") = "Job.Data", "Job.Data\Job.Data.csproj", "{5D32803D-E2FF-4EAD-B538-BD76E4B8017C}"
EndProject
Project("{FAE04EC0-301F-11D3-BF4B-00C04F79EFBC}") = "Job.Web", "Job.Web\Job.Web.csproj", "{7DCEDE21-8678-4F45-B496-B41068981526}"
EndProject
Global
	GlobalSection(SolutionConfigurationPlatforms) = preSolution
		Debug|Any CPU = Debug|Any CPU
		Release|Any CPU = Release|Any CPU
	EndGlobalSection
	GlobalSection(ProjectConfigurationPlatforms) = postSolution
		{32957920-DD97-489A-A715-0A023599AD58}.Debug|Any CPU.ActiveCfg = Debug|Any CPU
		{32957920-DD97-489A-A715-0A023599AD58}.Debug|Any CPU.Build.0 = Debug|Any CPU
		{32957920-DD97-489A-A715-0A023599AD58}.Release|Any CPU.ActiveCfg = Release|Any CPU
		{32957920-DD97-489A-A715-0A023599AD58}.Release|Any CPU.Build.0 = Release|Any CPU
		{AF1A5109-81F1-485E-8A1E-550A48FAB303}.Debug|Any CPU.ActiveCfg = Debug|Any CPU
		{AF1A5109-81F1-485E-8A1E-550A48FAB303}.Debug|Any CPU.Build.0 = Debug|Any CPU
		{AF1A5109-81F1-485E-8A1E-550A48FAB303}.Release|Any CPU.ActiveCfg = Release|Any CPU
		{AF1A5109-81F1-485E-8A1E-550A48FAB303}.Release|Any CPU.Build.0 = Release|Any CPU
		{EC7612B2-6566-419D-9279-FEBE9FDEBE81}.Debug|Any CPU.ActiveCfg = Debug|Any CPU
		{EC7612B2-6566-419D-9279-FEBE9FDEBE81}.Debug|Any CPU.Build.0 = Debug|Any CPU
		{EC7612B2-6566-419D-9279-FEBE9FDEBE81}.Release|Any CPU.ActiveCfg = Release|Any CPU
		{EC7612B2-6566-419D-9279-FEBE9FDEBE81}.Release|Any CPU.Build.0 = Release|Any CPU
		{5D32803D-E2FF-4EAD-B538-BD76E4B8017C}.Debug|Any CPU.ActiveCfg = Debug|Any CPU
		{5D32803D-E2FF-4EAD-B538-BD76E4B8017C}.Debug|Any CPU.Build.0 = Debug|Any CPU
		{5D32803D-E2FF-4EAD-B538-BD76E4B8017C}.Release|Any CPU.ActiveCfg = Release|Any CPU
		{5D32803D-E2FF-4EAD-B538-BD76E4B8017C}.Release|Any CPU.Build.0 = Release|Any CPU
		{7DCEDE21-8678-4F45-B496-B41068981526}.Debug|Any CPU.ActiveCfg = Debug|Any CPU
		{7DCEDE21-8678-4F45-B496-B41068981526}.Debug|Any CPU.Build.0 = Debug|Any CPU
		{7DCEDE21-8678-4F45-B496-B41068981526}.Release|Any CPU.ActiveCfg = Release|Any CPU
		{7DCEDE21-8678-4F45-B496-B41068981526}.Release|Any CPU.Build.0 = Release|Any CPU
	EndGlobalSection
	GlobalSection(SolutionProperties) = preSolution
		HideSolutionNode = FALSE
	EndGlobalSection
EndGlobal
